Microsoft Visual Studio Solution File, Format Version 12.00
# Visual Studio 2013
VisualStudioVersion = 12.0.21005.1
MinimumVisualStudioVersion = 10.0.40219.1
Project("{FAE04EC0-301F-11D3-BF4B-00C04F79EFBC}") = "uQlust", "uQlust\uQlust.csproj", "{F9E579F7-9AE4-4A21-8BBD-262FFC829020}"
	ProjectSection(ProjectDependencies) = postProject
		{D886AA4E-D89B-4EB0-ABE9-268AE4B96128} = {D886AA4E-D89B-4EB0-ABE9-268AE4B96128}
		{71C7BB85-5D7B-470D-9BD0-A13E7D161F29} = {71C7BB85-5D7B-470D-9BD0-A13E7D161F29}
		{701939F8-FCEA-4475-8C48-DABC95048923} = {701939F8-FCEA-4475-8C48-DABC95048923}
	EndProjectSection
EndProject
Project("{8BC9CEB8-8B4A-11D0-8D11-00A0C91BC942}") = "DSSP", "DSSP\DSSP.vcxproj", "{D886AA4E-D89B-4EB0-ABE9-268AE4B96128}"
EndProject
Project("{FAE04EC0-301F-11D3-BF4B-00C04F79EFBC}") = "uQlustTerminal", "uQlustTerminal\uQlustTerminal.csproj", "{612B612A-0862-456C-ADDD-DFEBB10FAB0B}"
	ProjectSection(ProjectDependencies) = postProject
		{D886AA4E-D89B-4EB0-ABE9-268AE4B96128} = {D886AA4E-D89B-4EB0-ABE9-268AE4B96128}
		{71C7BB85-5D7B-470D-9BD0-A13E7D161F29} = {71C7BB85-5D7B-470D-9BD0-A13E7D161F29}
		{701939F8-FCEA-4475-8C48-DABC95048923} = {701939F8-FCEA-4475-8C48-DABC95048923}
	EndProjectSection
EndProject
Project("{FAE04EC0-301F-11D3-BF4B-00C04F79EFBC}") = "uQlustCore", "uQlustCore\uQlustCore.csproj", "{71C7BB85-5D7B-470D-9BD0-A13E7D161F29}"
EndProject
Project("{8BC9CEB8-8B4A-11D0-8D11-00A0C91BC942}") = "RNA", "RNA\RNA.vcxproj", "{701939F8-FCEA-4475-8C48-DABC95048923}"
EndProject
Global
	GlobalSection(SolutionConfigurationPlatforms) = preSolution
		Debug|Any CPU = Debug|Any CPU
		Debug|Mixed Platforms = Debug|Mixed Platforms
		Debug|Win32 = Debug|Win32
		Debug|x64 = Debug|x64
		Release|Any CPU = Release|Any CPU
		Release|Mixed Platforms = Release|Mixed Platforms
		Release|Win32 = Release|Win32
		Release|x64 = Release|x64
	EndGlobalSection
	GlobalSection(ProjectConfigurationPlatforms) = postSolution
		{F9E579F7-9AE4-4A21-8BBD-262FFC829020}.Debug|Any CPU.ActiveCfg = Debug|Any CPU
		{F9E579F7-9AE4-4A21-8BBD-262FFC829020}.Debug|Any CPU.Build.0 = Debug|Any CPU
		{F9E579F7-9AE4-4A21-8BBD-262FFC829020}.Debug|Mixed Platforms.ActiveCfg = Debug|Any CPU
		{F9E579F7-9AE4-4A21-8BBD-262FFC829020}.Debug|Mixed Platforms.Build.0 = Debug|Any CPU
		{F9E579F7-9AE4-4A21-8BBD-262FFC829020}.Debug|Win32.ActiveCfg = Debug|Any CPU
		{F9E579F7-9AE4-4A21-8BBD-262FFC829020}.Debug|x64.ActiveCfg = Debug|Any CPU
		{F9E579F7-9AE4-4A21-8BBD-262FFC829020}.Release|Any CPU.ActiveCfg = Release|Any CPU
		{F9E579F7-9AE4-4A21-8BBD-262FFC829020}.Release|Any CPU.Build.0 = Release|Any CPU
		{F9E579F7-9AE4-4A21-8BBD-262FFC829020}.Release|Mixed Platforms.ActiveCfg = Release|Any CPU
		{F9E579F7-9AE4-4A21-8BBD-262FFC829020}.Release|Mixed Platforms.Build.0 = Release|Any CPU
		{F9E579F7-9AE4-4A21-8BBD-262FFC829020}.Release|Win32.ActiveCfg = Release|Any CPU
		{F9E579F7-9AE4-4A21-8BBD-262FFC829020}.Release|x64.ActiveCfg = Release|Any CPU
		{F9E579F7-9AE4-4A21-8BBD-262FFC829020}.Release|x64.Build.0 = Release|Any CPU
		{D886AA4E-D89B-4EB0-ABE9-268AE4B96128}.Debug|Any CPU.ActiveCfg = Debug|Win32
		{D886AA4E-D89B-4EB0-ABE9-268AE4B96128}.Debug|Mixed Platforms.ActiveCfg = Debug|x64
		{D886AA4E-D89B-4EB0-ABE9-268AE4B96128}.Debug|Mixed Platforms.Build.0 = Debug|x64
		{D886AA4E-D89B-4EB0-ABE9-268AE4B96128}.Debug|Win32.ActiveCfg = Debug|Win32
		{D886AA4E-D89B-4EB0-ABE9-268AE4B96128}.Debug|Win32.Build.0 = Debug|Win32
		{D886AA4E-D89B-4EB0-ABE9-268AE4B96128}.Debug|x64.ActiveCfg = Debug|x64
		{D886AA4E-D89B-4EB0-ABE9-268AE4B96128}.Debug|x64.Build.0 = Debug|x64
		{D886AA4E-D89B-4EB0-ABE9-268AE4B96128}.Release|Any CPU.ActiveCfg = Release|Win32
		{D886AA4E-D89B-4EB0-ABE9-268AE4B96128}.Release|Mixed Platforms.ActiveCfg = Release|x64
		{D886AA4E-D89B-4EB0-ABE9-268AE4B96128}.Release|Mixed Platforms.Build.0 = Release|x64
		{D886AA4E-D89B-4EB0-ABE9-268AE4B96128}.Release|Win32.ActiveCfg = Release|Win32
		{D886AA4E-D89B-4EB0-ABE9-268AE4B96128}.Release|Win32.Build.0 = Release|Win32
		{D886AA4E-D89B-4EB0-ABE9-268AE4B96128}.Release|x64.ActiveCfg = Release|x64
		{D886AA4E-D89B-4EB0-ABE9-268AE4B96128}.Release|x64.Build.0 = Release|x64
		{D886AA4E-D89B-4EB0-ABE9-268AE4B96128}.Release|x64.Deploy.0 = Release|x64
		{612B612A-0862-456C-ADDD-DFEBB10FAB0B}.Debug|Any CPU.ActiveCfg = Debug|Any CPU
		{612B612A-0862-456C-ADDD-DFEBB10FAB0B}.Debug|Any CPU.Build.0 = Debug|Any CPU
		{612B612A-0862-456C-ADDD-DFEBB10FAB0B}.Debug|Mixed Platforms.ActiveCfg = Debug|Any CPU
		{612B612A-0862-456C-ADDD-DFEBB10FAB0B}.Debug|Mixed Platforms.Build.0 = Debug|Any CPU
		{612B612A-0862-456C-ADDD-DFEBB10FAB0B}.Debug|Win32.ActiveCfg = Debug|Any CPU
		{612B612A-0862-456C-ADDD-DFEBB10FAB0B}.Debug|x64.ActiveCfg = Debug|Any CPU
		{612B612A-0862-456C-ADDD-DFEBB10FAB0B}.Release|Any CPU.ActiveCfg = Release|Any CPU
		{612B612A-0862-456C-ADDD-DFEBB10FAB0B}.Release|Any CPU.Build.0 = Release|Any CPU
		{612B612A-0862-456C-ADDD-DFEBB10FAB0B}.Release|Mixed Platforms.ActiveCfg = Release|Any CPU
		{612B612A-0862-456C-ADDD-DFEBB10FAB0B}.Release|Mixed Platforms.Build.0 = Release|Any CPU
		{612B612A-0862-456C-ADDD-DFEBB10FAB0B}.Release|Win32.ActiveCfg = Release|Any CPU
		{612B612A-0862-456C-ADDD-DFEBB10FAB0B}.Release|x64.ActiveCfg = Release|Any CPU
		{612B612A-0862-456C-ADDD-DFEBB10FAB0B}.Release|x64.Build.0 = Release|Any CPU
		{71C7BB85-5D7B-470D-9BD0-A13E7D161F29}.Debug|Any CPU.ActiveCfg = Debug|Any CPU
		{71C7BB85-5D7B-470D-9BD0-A13E7D161F29}.Debug|Any CPU.Build.0 = Debug|Any CPU
		{71C7BB85-5D7B-470D-9BD0-A13E7D161F29}.Debug|Mixed Platforms.ActiveCfg = Debug|Any CPU
		{71C7BB85-5D7B-470D-9BD0-A13E7D161F29}.Debug|Mixed Platforms.Build.0 = Debug|Any CPU
		{71C7BB85-5D7B-470D-9BD0-A13E7D161F29}.Debug|Win32.ActiveCfg = Debug|Any CPU
		{71C7BB85-5D7B-470D-9BD0-A13E7D161F29}.Debug|x64.ActiveCfg = Debug|Any CPU
		{71C7BB85-5D7B-470D-9BD0-A13E7D161F29}.Release|Any CPU.ActiveCfg = Release|Any CPU
		{71C7BB85-5D7B-470D-9BD0-A13E7D161F29}.Release|Any CPU.Build.0 = Release|Any CPU
		{71C7BB85-5D7B-470D-9BD0-A13E7D161F29}.Release|Mixed Platforms.ActiveCfg = Release|Any CPU
		{71C7BB85-5D7B-470D-9BD0-A13E7D161F29}.Release|Mixed Platforms.Build.0 = Release|Any CPU
		{71C7BB85-5D7B-470D-9BD0-A13E7D161F29}.Release|Win32.ActiveCfg = Release|Any CPU
		{71C7BB85-5D7B-470D-9BD0-A13E7D161F29}.Release|x64.ActiveCfg = Release|Any CPU
		{71C7BB85-5D7B-470D-9BD0-A13E7D161F29}.Release|x64.Build.0 = Release|Any CPU
		{701939F8-FCEA-4475-8C48-DABC95048923}.Debug|Any CPU.ActiveCfg = Debug|Win32
		{701939F8-FCEA-4475-8C48-DABC95048923}.Debug|Mixed Platforms.ActiveCfg = Debug|Win32
		{701939F8-FCEA-4475-8C48-DABC95048923}.Debug|Mixed Platforms.Build.0 = Debug|Win32
		{701939F8-FCEA-4475-8C48-DABC95048923}.Debug|Win32.ActiveCfg = Debug|Win32
		{701939F8-FCEA-4475-8C48-DABC95048923}.Debug|Win32.Build.0 = Debug|Win32
		{701939F8-FCEA-4475-8C48-DABC95048923}.Debug|x64.ActiveCfg = Debug|x64
		{701939F8-FCEA-4475-8C48-DABC95048923}.Debug|x64.Build.0 = Debug|x64
		{701939F8-FCEA-4475-8C48-DABC95048923}.Release|Any CPU.ActiveCfg = Release|Win32
		{701939F8-FCEA-4475-8C48-DABC95048923}.Release|Mixed Platforms.ActiveCfg = Release|Win32
		{701939F8-FCEA-4475-8C48-DABC95048923}.Release|Mixed Platforms.Build.0 = Release|Win32
		{701939F8-FCEA-4475-8C48-DABC95048923}.Release|Win32.ActiveCfg = Release|Win32
		{701939F8-FCEA-4475-8C48-DABC95048923}.Release|Win32.Build.0 = Release|Win32
		{701939F8-FCEA-4475-8C48-DABC95048923}.Release|x64.ActiveCfg = Release|x64
		{701939F8-FCEA-4475-8C48-DABC95048923}.Release|x64.Build.0 = Release|x64
		{701939F8-FCEA-4475-8C48-DABC95048923}.Release|x64.Deploy.0 = Release|x64
	EndGlobalSection
	GlobalSection(SolutionProperties) = preSolution
		HideSolutionNode = FALSE
	EndGlobalSection
EndGlobal
